// !$*UTF8*$!
{
	archiveVersion = 1;
	classes = {
	};
	objectVersion = 55;
	objects = {

/* Begin PBXBuildFile section */
		75C414BF2A9A97AB004F259E /* DropDown in Frameworks */ = {isa = PBXBuildFile; productRef = 75C414BE2A9A97AB004F259E /* DropDown */; };
		E24C06CA2A9A82F7006A6FAA /* CustomDropDownCell.swift in Sources */ = {isa = PBXBuildFile; fileRef = E24C06C82A9A82F7006A6FAA /* CustomDropDownCell.swift */; };
		E24C06CB2A9A82F7006A6FAA /* CustomDropDownCell.xib in Resources */ = {isa = PBXBuildFile; fileRef = E24C06C92A9A82F7006A6FAA /* CustomDropDownCell.xib */; };
		FF2EF3F52A98C740007057F9 /* FavouritesViewController.swift in Sources */ = {isa = PBXBuildFile; fileRef = FF2EF3F42A98C740007057F9 /* FavouritesViewController.swift */; };
		FF2EF3F82A98C7F0007057F9 /* FavouritesTableViewCell.swift in Sources */ = {isa = PBXBuildFile; fileRef = FF2EF3F62A98C7F0007057F9 /* FavouritesTableViewCell.swift */; };
		FF2EF3F92A98C7F0007057F9 /* FavouritesTableViewCell.xib in Resources */ = {isa = PBXBuildFile; fileRef = FF2EF3F72A98C7F0007057F9 /* FavouritesTableViewCell.xib */; };
		FF2EF3FB2A99177E007057F9 /* CountriesCurrencies.swift in Sources */ = {isa = PBXBuildFile; fileRef = FF2EF3FA2A99177E007057F9 /* CountriesCurrencies.swift */; };
		FF2EF3FD2A991937007057F9 /* favouritesPresenter.swift in Sources */ = {isa = PBXBuildFile; fileRef = FF2EF3FC2A991936007057F9 /* favouritesPresenter.swift */; };
		FF2EF4002A991E62007057F9 /* SDWebImage in Frameworks */ = {isa = PBXBuildFile; productRef = FF2EF3FF2A991E62007057F9 /* SDWebImage */; };
		FF2EF4022A991E62007057F9 /* SDWebImageMapKit in Frameworks */ = {isa = PBXBuildFile; productRef = FF2EF4012A991E62007057F9 /* SDWebImageMapKit */; };
		FF2EF4042A992F0B007057F9 /* CheckBox.swift in Sources */ = {isa = PBXBuildFile; fileRef = FF2EF4032A992F0B007057F9 /* CheckBox.swift */; };
		FF2EF4062A9A6AAF007057F9 /* Conversion.swift in Sources */ = {isa = PBXBuildFile; fileRef = FF2EF4052A9A6AAF007057F9 /* Conversion.swift */; };
		FF58396E2A93842B004AF5AA /* AppDelegate.swift in Sources */ = {isa = PBXBuildFile; fileRef = FF58396D2A93842B004AF5AA /* AppDelegate.swift */; };
		FF5839722A93842C004AF5AA /* ConversionViewController.swift in Sources */ = {isa = PBXBuildFile; fileRef = FF5839712A93842C004AF5AA /* ConversionViewController.swift */; };
		FF5839752A93842C004AF5AA /* Main.storyboard in Resources */ = {isa = PBXBuildFile; fileRef = FF5839732A93842C004AF5AA /* Main.storyboard */; };
		FF5839772A93842E004AF5AA /* Assets.xcassets in Resources */ = {isa = PBXBuildFile; fileRef = FF5839762A93842E004AF5AA /* Assets.xcassets */; };
		FF58397A2A93842E004AF5AA /* LaunchScreen.storyboard in Resources */ = {isa = PBXBuildFile; fileRef = FF5839782A93842E004AF5AA /* LaunchScreen.storyboard */; };
		FF5839822A938EBB004AF5AA /* ConversionPresenter.swift in Sources */ = {isa = PBXBuildFile; fileRef = FF5839812A938EBB004AF5AA /* ConversionPresenter.swift */; };
		FFE9751C2A96139E004BC9F6 /* Currencies.swift in Sources */ = {isa = PBXBuildFile; fileRef = FFE9751B2A96139E004BC9F6 /* Currencies.swift */; };
		FFE9751F2A96141B004BC9F6 /* APIManager.swift in Sources */ = {isa = PBXBuildFile; fileRef = FFE9751E2A96141B004BC9F6 /* APIManager.swift */; };
		FFE975222A96162A004BC9F6 /* Alamofire in Frameworks */ = {isa = PBXBuildFile; productRef = FFE975212A96162A004BC9F6 /* Alamofire */; };
/* End PBXBuildFile section */

/* Begin PBXFileReference section */
		75C414BC2A9A974D004F259E /* DropDown-master */ = {isa = PBXFileReference; lastKnownFileType = wrapper; name = "DropDown-master"; path = "Managers/DropDown-master"; sourceTree = "<group>"; };
		E24C06C82A9A82F7006A6FAA /* CustomDropDownCell.swift */ = {isa = PBXFileReference; fileEncoding = 4; lastKnownFileType = sourcecode.swift; path = CustomDropDownCell.swift; sourceTree = "<group>"; };
		E24C06C92A9A82F7006A6FAA /* CustomDropDownCell.xib */ = {isa = PBXFileReference; fileEncoding = 4; lastKnownFileType = file.xib; path = CustomDropDownCell.xib; sourceTree = "<group>"; };
		FF2EF3F42A98C740007057F9 /* FavouritesViewController.swift */ = {isa = PBXFileReference; lastKnownFileType = sourcecode.swift; path = FavouritesViewController.swift; sourceTree = "<group>"; };
		FF2EF3F62A98C7F0007057F9 /* FavouritesTableViewCell.swift */ = {isa = PBXFileReference; lastKnownFileType = sourcecode.swift; path = FavouritesTableViewCell.swift; sourceTree = "<group>"; };
		FF2EF3F72A98C7F0007057F9 /* FavouritesTableViewCell.xib */ = {isa = PBXFileReference; lastKnownFileType = file.xib; path = FavouritesTableViewCell.xib; sourceTree = "<group>"; };
		FF2EF3FA2A99177E007057F9 /* CountriesCurrencies.swift */ = {isa = PBXFileReference; lastKnownFileType = sourcecode.swift; path = CountriesCurrencies.swift; sourceTree = "<group>"; };
		FF2EF3FC2A991936007057F9 /* favouritesPresenter.swift */ = {isa = PBXFileReference; lastKnownFileType = sourcecode.swift; path = favouritesPresenter.swift; sourceTree = "<group>"; };
		FF2EF4032A992F0B007057F9 /* CheckBox.swift */ = {isa = PBXFileReference; lastKnownFileType = sourcecode.swift; path = CheckBox.swift; sourceTree = "<group>"; };
		FF2EF4052A9A6AAF007057F9 /* Conversion.swift */ = {isa = PBXFileReference; lastKnownFileType = sourcecode.swift; path = Conversion.swift; sourceTree = "<group>"; };
		FF58396A2A93842B004AF5AA /* CurrencyConverter.app */ = {isa = PBXFileReference; explicitFileType = wrapper.application; includeInIndex = 0; path = CurrencyConverter.app; sourceTree = BUILT_PRODUCTS_DIR; };
		FF58396D2A93842B004AF5AA /* AppDelegate.swift */ = {isa = PBXFileReference; lastKnownFileType = sourcecode.swift; path = AppDelegate.swift; sourceTree = "<group>"; };
		FF5839712A93842C004AF5AA /* ConversionViewController.swift */ = {isa = PBXFileReference; lastKnownFileType = sourcecode.swift; path = ConversionViewController.swift; sourceTree = "<group>"; };
		FF5839742A93842C004AF5AA /* Base */ = {isa = PBXFileReference; lastKnownFileType = file.storyboard; name = Base; path = Base.lproj/Main.storyboard; sourceTree = "<group>"; };
		FF5839762A93842E004AF5AA /* Assets.xcassets */ = {isa = PBXFileReference; lastKnownFileType = folder.assetcatalog; path = Assets.xcassets; sourceTree = "<group>"; };
		FF5839792A93842E004AF5AA /* Base */ = {isa = PBXFileReference; lastKnownFileType = file.storyboard; name = Base; path = Base.lproj/LaunchScreen.storyboard; sourceTree = "<group>"; };
		FF58397B2A93842E004AF5AA /* Info.plist */ = {isa = PBXFileReference; lastKnownFileType = text.plist.xml; path = Info.plist; sourceTree = "<group>"; };
		FF5839812A938EBB004AF5AA /* ConversionPresenter.swift */ = {isa = PBXFileReference; lastKnownFileType = sourcecode.swift; path = ConversionPresenter.swift; sourceTree = "<group>"; };
		FFE9751B2A96139E004BC9F6 /* Currencies.swift */ = {isa = PBXFileReference; lastKnownFileType = sourcecode.swift; path = Currencies.swift; sourceTree = "<group>"; };
		FFE9751E2A96141B004BC9F6 /* APIManager.swift */ = {isa = PBXFileReference; lastKnownFileType = sourcecode.swift; path = APIManager.swift; sourceTree = "<group>"; };
/* End PBXFileReference section */

/* Begin PBXFrameworksBuildPhase section */
		FF5839672A93842B004AF5AA /* Frameworks */ = {
			isa = PBXFrameworksBuildPhase;
			buildActionMask = 2147483647;
			files = (
				FF2EF4002A991E62007057F9 /* SDWebImage in Frameworks */,
				75C414BF2A9A97AB004F259E /* DropDown in Frameworks */,
				FF2EF4022A991E62007057F9 /* SDWebImageMapKit in Frameworks */,
				FFE975222A96162A004BC9F6 /* Alamofire in Frameworks */,
				E24C21F62A99525E00CF02CF /* DropDown in Frameworks */,
			);
			runOnlyForDeploymentPostprocessing = 0;
		};
/* End PBXFrameworksBuildPhase section */

/* Begin PBXGroup section */
		E24C06CE2A9A82F7006A6FAA /* Frameworks */ = {
			isa = PBXGroup;
			children = (
				75C414BC2A9A974D004F259E /* DropDown-master */,
			);
			name = Frameworks;
			sourceTree = "<group>";
		};
		FF5839612A93842B004AF5AA = {
			isa = PBXGroup;
			children = (
				FFE975232A961AB3004BC9F6 /* Managers */,
				FF58396C2A93842B004AF5AA /* CurrencyConverter */,
				FF58396B2A93842B004AF5AA /* Products */,
				E24C06CE2A9A82F7006A6FAA /* Frameworks */,
			);
			sourceTree = "<group>";
		};
		FF58396B2A93842B004AF5AA /* Products */ = {
			isa = PBXGroup;
			children = (
				FF58396A2A93842B004AF5AA /* CurrencyConverter.app */,
			);
			name = Products;
			sourceTree = "<group>";
		};
		FF58396C2A93842B004AF5AA /* CurrencyConverter */ = {
			isa = PBXGroup;
			children = (
				FF58396D2A93842B004AF5AA /* AppDelegate.swift */,
				FFE9751D2A9613C8004BC9F6 /* Models */,
				FF5839852A938F01004AF5AA /* views */,
				FF5839842A938EE5004AF5AA /* Presenters */,
				FF5839832A938ECF004AF5AA /* Controllers */,
				FF5839762A93842E004AF5AA /* Assets.xcassets */,
				FF5839782A93842E004AF5AA /* LaunchScreen.storyboard */,
				FF58397B2A93842E004AF5AA /* Info.plist */,
			);
			path = CurrencyConverter;
			sourceTree = "<group>";
		};
		FF5839832A938ECF004AF5AA /* Controllers */ = {
			isa = PBXGroup;
			children = (
				FF5839712A93842C004AF5AA /* ConversionViewController.swift */,
				FF2EF3F42A98C740007057F9 /* FavouritesViewController.swift */,
			);
			path = Controllers;
			sourceTree = "<group>";
		};
		FF5839842A938EE5004AF5AA /* Presenters */ = {
			isa = PBXGroup;
			children = (
				FF5839812A938EBB004AF5AA /* ConversionPresenter.swift */,
				FF2EF3FC2A991936007057F9 /* favouritesPresenter.swift */,
			);
			path = Presenters;
			sourceTree = "<group>";
		};
		FF5839852A938F01004AF5AA /* views */ = {
			isa = PBXGroup;
			children = (
				FF5839732A93842C004AF5AA /* Main.storyboard */,
				E24C06C82A9A82F7006A6FAA /* CustomDropDownCell.swift */,
				E24C06C92A9A82F7006A6FAA /* CustomDropDownCell.xib */,
				FF2EF3F62A98C7F0007057F9 /* FavouritesTableViewCell.swift */,
				FF2EF3F72A98C7F0007057F9 /* FavouritesTableViewCell.xib */,
				FF2EF4032A992F0B007057F9 /* CheckBox.swift */,
			);
			path = views;
			sourceTree = "<group>";
		};
		FFE9751D2A9613C8004BC9F6 /* Models */ = {
			isa = PBXGroup;
			children = (
				FFE9751B2A96139E004BC9F6 /* Currencies.swift */,
				FF2EF3FA2A99177E007057F9 /* CountriesCurrencies.swift */,
				FF2EF4052A9A6AAF007057F9 /* Conversion.swift */,
			);
			path = Models;
			sourceTree = "<group>";
		};
		FFE975232A961AB3004BC9F6 /* Managers */ = {
			isa = PBXGroup;
			children = (
				FFE9751E2A96141B004BC9F6 /* APIManager.swift */,
			);
			path = Managers;
			sourceTree = "<group>";
		};
/* End PBXGroup section */

/* Begin PBXNativeTarget section */
		FF5839692A93842B004AF5AA /* CurrencyConverter */ = {
			isa = PBXNativeTarget;
			buildConfigurationList = FF58397E2A93842E004AF5AA /* Build configuration list for PBXNativeTarget "CurrencyConverter" */;
			buildPhases = (
				FF5839662A93842B004AF5AA /* Sources */,
				FF5839672A93842B004AF5AA /* Frameworks */,
				FF5839682A93842B004AF5AA /* Resources */,
			);
			buildRules = (
			);
			dependencies = (
			);
			name = CurrencyConverter;
			packageProductDependencies = (
				FFE975212A96162A004BC9F6 /* Alamofire */,
				E24C21F52A99525E00CF02CF /* DropDown */,
				FF2EF3FF2A991E62007057F9 /* SDWebImage */,
				FF2EF4012A991E62007057F9 /* SDWebImageMapKit */,
				75C414BE2A9A97AB004F259E /* DropDown */,
			);
			productName = CurrencyConverter;
			productReference = FF58396A2A93842B004AF5AA /* CurrencyConverter.app */;
			productType = "com.apple.product-type.application";
		};
/* End PBXNativeTarget section */

/* Begin PBXProject section */
		FF5839622A93842B004AF5AA /* Project object */ = {
			isa = PBXProject;
			attributes = {
				BuildIndependentTargetsInParallel = 1;
				LastSwiftUpdateCheck = 1430;
				LastUpgradeCheck = 1430;
				TargetAttributes = {
					FF5839692A93842B004AF5AA = {
						CreatedOnToolsVersion = 14.3.1;
					};
				};
			};
			buildConfigurationList = FF5839652A93842B004AF5AA /* Build configuration list for PBXProject "CurrencyConverter" */;
			compatibilityVersion = "Xcode 13.0";
			developmentRegion = en;
			hasScannedForEncodings = 0;
			knownRegions = (
				en,
				Base,
			);
			mainGroup = FF5839612A93842B004AF5AA;
			packageReferences = (
				FFE975202A96162A004BC9F6 /* XCRemoteSwiftPackageReference "Alamofire" */,
				FF2EF3FE2A991E62007057F9 /* XCRemoteSwiftPackageReference "SDWebImage" */,
			);
			productRefGroup = FF58396B2A93842B004AF5AA /* Products */;
			projectDirPath = "";
			projectRoot = "";
			targets = (
				FF5839692A93842B004AF5AA /* CurrencyConverter */,
			);
		};
/* End PBXProject section */

/* Begin PBXResourcesBuildPhase section */
		FF5839682A93842B004AF5AA /* Resources */ = {
			isa = PBXResourcesBuildPhase;
			buildActionMask = 2147483647;
			files = (
				FF58397A2A93842E004AF5AA /* LaunchScreen.storyboard in Resources */,
				FF5839772A93842E004AF5AA /* Assets.xcassets in Resources */,
				FF5839752A93842C004AF5AA /* Main.storyboard in Resources */,
				FF2EF3F92A98C7F0007057F9 /* FavouritesTableViewCell.xib in Resources */,
				E24C06CB2A9A82F7006A6FAA /* CustomDropDownCell.xib in Resources */,
			);
			runOnlyForDeploymentPostprocessing = 0;
		};
/* End PBXResourcesBuildPhase section */

/* Begin PBXSourcesBuildPhase section */
		FF5839662A93842B004AF5AA /* Sources */ = {
			isa = PBXSourcesBuildPhase;
			buildActionMask = 2147483647;
			files = (
				FF2EF3F82A98C7F0007057F9 /* FavouritesTableViewCell.swift in Sources */,
				FF2EF3F52A98C740007057F9 /* FavouritesViewController.swift in Sources */,
				FF2EF4062A9A6AAF007057F9 /* Conversion.swift in Sources */,
				FF5839722A93842C004AF5AA /* ConversionViewController.swift in Sources */,
				FF2EF3FB2A99177E007057F9 /* CountriesCurrencies.swift in Sources */,
				FF2EF4042A992F0B007057F9 /* CheckBox.swift in Sources */,
				FF58396E2A93842B004AF5AA /* AppDelegate.swift in Sources */,
				E24C06CA2A9A82F7006A6FAA /* CustomDropDownCell.swift in Sources */,
				FFE9751F2A96141B004BC9F6 /* APIManager.swift in Sources */,
				FFE9751C2A96139E004BC9F6 /* Currencies.swift in Sources */,
				FF2EF3FD2A991937007057F9 /* favouritesPresenter.swift in Sources */,
				FF5839822A938EBB004AF5AA /* ConversionPresenter.swift in Sources */,
			);
			runOnlyForDeploymentPostprocessing = 0;
		};
/* End PBXSourcesBuildPhase section */

/* Begin PBXVariantGroup section */
		FF5839732A93842C004AF5AA /* Main.storyboard */ = {
			isa = PBXVariantGroup;
			children = (
				FF5839742A93842C004AF5AA /* Base */,
			);
			name = Main.storyboard;
			sourceTree = "<group>";
		};
		FF5839782A93842E004AF5AA /* LaunchScreen.storyboard */ = {
			isa = PBXVariantGroup;
			children = (
				FF5839792A93842E004AF5AA /* Base */,
			);
			name = LaunchScreen.storyboard;
			sourceTree = "<group>";
		};
/* End PBXVariantGroup section */

/* Begin XCBuildConfiguration section */
		FF58397C2A93842E004AF5AA /* Debug */ = {
			isa = XCBuildConfiguration;
			buildSettings = {
				ALWAYS_SEARCH_USER_PATHS = NO;
				CLANG_ANALYZER_NONNULL = YES;
				CLANG_ANALYZER_NUMBER_OBJECT_CONVERSION = YES_AGGRESSIVE;
				CLANG_CXX_LANGUAGE_STANDARD = "gnu++20";
				CLANG_ENABLE_MODULES = YES;
				CLANG_ENABLE_OBJC_ARC = YES;
				CLANG_ENABLE_OBJC_WEAK = YES;
				CLANG_WARN_BLOCK_CAPTURE_AUTORELEASING = YES;
				CLANG_WARN_BOOL_CONVERSION = YES;
				CLANG_WARN_COMMA = YES;
				CLANG_WARN_CONSTANT_CONVERSION = YES;
				CLANG_WARN_DEPRECATED_OBJC_IMPLEMENTATIONS = YES;
				CLANG_WARN_DIRECT_OBJC_ISA_USAGE = YES_ERROR;
				CLANG_WARN_DOCUMENTATION_COMMENTS = YES;
				CLANG_WARN_EMPTY_BODY = YES;
				CLANG_WARN_ENUM_CONVERSION = YES;
				CLANG_WARN_INFINITE_RECURSION = YES;
				CLANG_WARN_INT_CONVERSION = YES;
				CLANG_WARN_NON_LITERAL_NULL_CONVERSION = YES;
				CLANG_WARN_OBJC_IMPLICIT_RETAIN_SELF = YES;
				CLANG_WARN_OBJC_LITERAL_CONVERSION = YES;
				CLANG_WARN_OBJC_ROOT_CLASS = YES_ERROR;
				CLANG_WARN_QUOTED_INCLUDE_IN_FRAMEWORK_HEADER = YES;
				CLANG_WARN_RANGE_LOOP_ANALYSIS = YES;
				CLANG_WARN_STRICT_PROTOTYPES = YES;
				CLANG_WARN_SUSPICIOUS_MOVE = YES;
				CLANG_WARN_UNGUARDED_AVAILABILITY = YES_AGGRESSIVE;
				CLANG_WARN_UNREACHABLE_CODE = YES;
				CLANG_WARN__DUPLICATE_METHOD_MATCH = YES;
				COPY_PHASE_STRIP = NO;
				DEBUG_INFORMATION_FORMAT = dwarf;
				ENABLE_STRICT_OBJC_MSGSEND = YES;
				ENABLE_TESTABILITY = YES;
				GCC_C_LANGUAGE_STANDARD = gnu11;
				GCC_DYNAMIC_NO_PIC = NO;
				GCC_NO_COMMON_BLOCKS = YES;
				GCC_OPTIMIZATION_LEVEL = 0;
				GCC_PREPROCESSOR_DEFINITIONS = (
					"DEBUG=1",
					"$(inherited)",
				);
				GCC_WARN_64_TO_32_BIT_CONVERSION = YES;
				GCC_WARN_ABOUT_RETURN_TYPE = YES_ERROR;
				GCC_WARN_UNDECLARED_SELECTOR = YES;
				GCC_WARN_UNINITIALIZED_AUTOS = YES_AGGRESSIVE;
				GCC_WARN_UNUSED_FUNCTION = YES;
				GCC_WARN_UNUSED_VARIABLE = YES;
				IPHONEOS_DEPLOYMENT_TARGET = 16.4;
				MTL_ENABLE_DEBUG_INFO = INCLUDE_SOURCE;
				MTL_FAST_MATH = YES;
				ONLY_ACTIVE_ARCH = YES;
				SDKROOT = iphoneos;
				SWIFT_ACTIVE_COMPILATION_CONDITIONS = DEBUG;
				SWIFT_OPTIMIZATION_LEVEL = "-Onone";
			};
			name = Debug;
		};
		FF58397D2A93842E004AF5AA /* Release */ = {
			isa = XCBuildConfiguration;
			buildSettings = {
				ALWAYS_SEARCH_USER_PATHS = NO;
				CLANG_ANALYZER_NONNULL = YES;
				CLANG_ANALYZER_NUMBER_OBJECT_CONVERSION = YES_AGGRESSIVE;
				CLANG_CXX_LANGUAGE_STANDARD = "gnu++20";
				CLANG_ENABLE_MODULES = YES;
				CLANG_ENABLE_OBJC_ARC = YES;
				CLANG_ENABLE_OBJC_WEAK = YES;
				CLANG_WARN_BLOCK_CAPTURE_AUTORELEASING = YES;
				CLANG_WARN_BOOL_CONVERSION = YES;
				CLANG_WARN_COMMA = YES;
				CLANG_WARN_CONSTANT_CONVERSION = YES;
				CLANG_WARN_DEPRECATED_OBJC_IMPLEMENTATIONS = YES;
				CLANG_WARN_DIRECT_OBJC_ISA_USAGE = YES_ERROR;
				CLANG_WARN_DOCUMENTATION_COMMENTS = YES;
				CLANG_WARN_EMPTY_BODY = YES;
				CLANG_WARN_ENUM_CONVERSION = YES;
				CLANG_WARN_INFINITE_RECURSION = YES;
				CLANG_WARN_INT_CONVERSION = YES;
				CLANG_WARN_NON_LITERAL_NULL_CONVERSION = YES;
				CLANG_WARN_OBJC_IMPLICIT_RETAIN_SELF = YES;
				CLANG_WARN_OBJC_LITERAL_CONVERSION = YES;
				CLANG_WARN_OBJC_ROOT_CLASS = YES_ERROR;
				CLANG_WARN_QUOTED_INCLUDE_IN_FRAMEWORK_HEADER = YES;
				CLANG_WARN_RANGE_LOOP_ANALYSIS = YES;
				CLANG_WARN_STRICT_PROTOTYPES = YES;
				CLANG_WARN_SUSPICIOUS_MOVE = YES;
				CLANG_WARN_UNGUARDED_AVAILABILITY = YES_AGGRESSIVE;
				CLANG_WARN_UNREACHABLE_CODE = YES;
				CLANG_WARN__DUPLICATE_METHOD_MATCH = YES;
				COPY_PHASE_STRIP = NO;
				DEBUG_INFORMATION_FORMAT = "dwarf-with-dsym";
				ENABLE_NS_ASSERTIONS = NO;
				ENABLE_STRICT_OBJC_MSGSEND = YES;
				GCC_C_LANGUAGE_STANDARD = gnu11;
				GCC_NO_COMMON_BLOCKS = YES;
				GCC_WARN_64_TO_32_BIT_CONVERSION = YES;
				GCC_WARN_ABOUT_RETURN_TYPE = YES_ERROR;
				GCC_WARN_UNDECLARED_SELECTOR = YES;
				GCC_WARN_UNINITIALIZED_AUTOS = YES_AGGRESSIVE;
				GCC_WARN_UNUSED_FUNCTION = YES;
				GCC_WARN_UNUSED_VARIABLE = YES;
				IPHONEOS_DEPLOYMENT_TARGET = 16.4;
				MTL_ENABLE_DEBUG_INFO = NO;
				MTL_FAST_MATH = YES;
				SDKROOT = iphoneos;
				SWIFT_COMPILATION_MODE = wholemodule;
				SWIFT_OPTIMIZATION_LEVEL = "-O";
				VALIDATE_PRODUCT = YES;
			};
			name = Release;
		};
		FF58397F2A93842E004AF5AA /* Debug */ = {
			isa = XCBuildConfiguration;
			buildSettings = {
				ASSETCATALOG_COMPILER_APPICON_NAME = AppIcon;
				ASSETCATALOG_COMPILER_GLOBAL_ACCENT_COLOR_NAME = AccentColor;
				CODE_SIGN_STYLE = Automatic;
				CURRENT_PROJECT_VERSION = 1;
				DEVELOPMENT_TEAM = 7G59QD83BY;
				GENERATE_INFOPLIST_FILE = YES;
				INFOPLIST_FILE = CurrencyConverter/Info.plist;
				INFOPLIST_KEY_UIApplicationSupportsIndirectInputEvents = YES;
				INFOPLIST_KEY_UILaunchStoryboardName = LaunchScreen;
				INFOPLIST_KEY_UIMainStoryboardFile = Main;
				INFOPLIST_KEY_UISupportedInterfaceOrientations_iPad = "UIInterfaceOrientationPortrait UIInterfaceOrientationPortraitUpsideDown UIInterfaceOrientationLandscapeLeft UIInterfaceOrientationLandscapeRight";
				INFOPLIST_KEY_UISupportedInterfaceOrientations_iPhone = "UIInterfaceOrientationPortrait UIInterfaceOrientationLandscapeLeft UIInterfaceOrientationLandscapeRight";
				IPHONEOS_DEPLOYMENT_TARGET = 13.0;
				LD_RUNPATH_SEARCH_PATHS = (
					"$(inherited)",
					"@executable_path/Frameworks",
				);
				MARKETING_VERSION = 1.0;
				PRODUCT_BUNDLE_IDENTIFIER = shaarawy.CurrencyConverter;
				PRODUCT_NAME = "$(TARGET_NAME)";
				SWIFT_EMIT_LOC_STRINGS = YES;
				SWIFT_VERSION = 5.0;
				TARGETED_DEVICE_FAMILY = "1,2";
			};
			name = Debug;
		};
		FF5839802A93842E004AF5AA /* Release */ = {
			isa = XCBuildConfiguration;
			buildSettings = {
				ASSETCATALOG_COMPILER_APPICON_NAME = AppIcon;
				ASSETCATALOG_COMPILER_GLOBAL_ACCENT_COLOR_NAME = AccentColor;
				CODE_SIGN_STYLE = Automatic;
				CURRENT_PROJECT_VERSION = 1;
				DEVELOPMENT_TEAM = 7G59QD83BY;
				GENERATE_INFOPLIST_FILE = YES;
				INFOPLIST_FILE = CurrencyConverter/Info.plist;
				INFOPLIST_KEY_UIApplicationSupportsIndirectInputEvents = YES;
				INFOPLIST_KEY_UILaunchStoryboardName = LaunchScreen;
				INFOPLIST_KEY_UIMainStoryboardFile = Main;
				INFOPLIST_KEY_UISupportedInterfaceOrientations_iPad = "UIInterfaceOrientationPortrait UIInterfaceOrientationPortraitUpsideDown UIInterfaceOrientationLandscapeLeft UIInterfaceOrientationLandscapeRight";
				INFOPLIST_KEY_UISupportedInterfaceOrientations_iPhone = "UIInterfaceOrientationPortrait UIInterfaceOrientationLandscapeLeft UIInterfaceOrientationLandscapeRight";
				IPHONEOS_DEPLOYMENT_TARGET = 13.0;
				LD_RUNPATH_SEARCH_PATHS = (
					"$(inherited)",
					"@executable_path/Frameworks",
				);
				MARKETING_VERSION = 1.0;
				PRODUCT_BUNDLE_IDENTIFIER = shaarawy.CurrencyConverter;
				PRODUCT_NAME = "$(TARGET_NAME)";
				SWIFT_EMIT_LOC_STRINGS = YES;
				SWIFT_VERSION = 5.0;
				TARGETED_DEVICE_FAMILY = "1,2";
			};
			name = Release;
		};
/* End XCBuildConfiguration section */

/* Begin XCConfigurationList section */
		FF5839652A93842B004AF5AA /* Build configuration list for PBXProject "CurrencyConverter" */ = {
			isa = XCConfigurationList;
			buildConfigurations = (
				FF58397C2A93842E004AF5AA /* Debug */,
				FF58397D2A93842E004AF5AA /* Release */,
			);
			defaultConfigurationIsVisible = 0;
			defaultConfigurationName = Release;
		};
		FF58397E2A93842E004AF5AA /* Build configuration list for PBXNativeTarget "CurrencyConverter" */ = {
			isa = XCConfigurationList;
			buildConfigurations = (
				FF58397F2A93842E004AF5AA /* Debug */,
				FF5839802A93842E004AF5AA /* Release */,
			);
			defaultConfigurationIsVisible = 0;
			defaultConfigurationName = Release;
		};
/* End XCConfigurationList section */

/* Begin XCRemoteSwiftPackageReference section */
		FF2EF3FE2A991E62007057F9 /* XCRemoteSwiftPackageReference "SDWebImage" */ = {
			isa = XCRemoteSwiftPackageReference;
			repositoryURL = "https://github.com/SDWebImage/SDWebImage.git";
			requirement = {
				kind = upToNextMajorVersion;
				minimumVersion = 5.0.0;
			};
		};
		FFE975202A96162A004BC9F6 /* XCRemoteSwiftPackageReference "Alamofire" */ = {
			isa = XCRemoteSwiftPackageReference;
			repositoryURL = "https://github.com/Alamofire/Alamofire.git";
			requirement = {
				kind = upToNextMajorVersion;
				minimumVersion = 5.0.0;
			};
		};
/* End XCRemoteSwiftPackageReference section */

/* Begin XCSwiftPackageProductDependency section */
		75C414BE2A9A97AB004F259E /* DropDown */ = {
			isa = XCSwiftPackageProductDependency;
			productName = DropDown;
		};
		FF2EF3FF2A991E62007057F9 /* SDWebImage */ = {
			isa = XCSwiftPackageProductDependency;
			package = FF2EF3FE2A991E62007057F9 /* XCRemoteSwiftPackageReference "SDWebImage" */;
			productName = SDWebImage;
		};
		FF2EF4012A991E62007057F9 /* SDWebImageMapKit */ = {
			isa = XCSwiftPackageProductDependency;
			package = FF2EF3FE2A991E62007057F9 /* XCRemoteSwiftPackageReference "SDWebImage" */;
			productName = SDWebImageMapKit;
		};
		FFE975212A96162A004BC9F6 /* Alamofire */ = {
			isa = XCSwiftPackageProductDependency;
			package = FFE975202A96162A004BC9F6 /* XCRemoteSwiftPackageReference "Alamofire" */;
			productName = Alamofire;
		};
/* End XCSwiftPackageProductDependency section */
	};
	rootObject = FF5839622A93842B004AF5AA /* Project object */;
}
